
Microsoft Visual Studio Solution File, Format Version 12.00
# Visual Studio Version 17
VisualStudioVersion = 17.14.36401.2 d17.14
MinimumVisualStudioVersion = 10.0.40219.1
Project("{FAE04EC0-301F-11D3-BF4B-00C04F79EFBC}") = "MqttWsServer", "MqttWsServer.csproj", "{366FE04F-3091-9385-EE53-7A1AAA1096F5}"
EndProject
Global
	GlobalSection(SolutionConfigurationPlatforms) = preSolution
		Debug|Any CPU = Debug|Any CPU
		Release|Any CPU = Release|Any CPU
	EndGlobalSection
	GlobalSection(ProjectConfigurationPlatforms) = postSolution
		{366FE04F-3091-9385-EE53-7A1AAA1096F5}.Debug|Any CPU.ActiveCfg = Debug|Any CPU
		{366FE04F-3091-9385-EE53-7A1AAA1096F5}.Debug|Any CPU.Build.0 = Debug|Any CPU
		{366FE04F-3091-9385-EE53-7A1AAA1096F5}.Release|Any CPU.ActiveCfg = Release|Any CPU
		{366FE04F-3091-9385-EE53-7A1AAA1096F5}.Release|Any CPU.Build.0 = Release|Any CPU
	EndGlobalSection
	GlobalSection(SolutionProperties) = preSolution
		HideSolutionNode = FALSE
	EndGlobalSection
	GlobalSection(ExtensibilityGlobals) = postSolution
		SolutionGuid = {7E43A1F6-23E9-462F-AE2E-A67C20F042C7}
	EndGlobalSection
EndGlobal
